// !$*UTF8*$!
{
	archiveVersion = 1;
	classes = {
	};
	objectVersion = 46;
	objects = {

/* Begin PBXBuildFile section */
		110345B31945759200F5C99F /* AppDelegate.swift in Sources */ = {isa = PBXBuildFile; fileRef = 110345B21945759200F5C99F /* AppDelegate.swift */; };
		110345B51945759200F5C99F /* MapViewController.swift in Sources */ = {isa = PBXBuildFile; fileRef = 110345B41945759200F5C99F /* MapViewController.swift */; };
		110345B71945759200F5C99F /* EventViewController.swift in Sources */ = {isa = PBXBuildFile; fileRef = 110345B61945759200F5C99F /* EventViewController.swift */; };
		110345BC1945759200F5C99F /* Images.xcassets in Resources */ = {isa = PBXBuildFile; fileRef = 110345BB1945759200F5C99F /* Images.xcassets */; };
		110345C81945759200F5C99F /* Orlando_Maker_FaireTests.swift in Sources */ = {isa = PBXBuildFile; fileRef = 110345C71945759200F5C99F /* Orlando_Maker_FaireTests.swift */; };
		1111F848194AC8D900505F3C /* EventAPI.swift in Sources */ = {isa = PBXBuildFile; fileRef = 1111F847194AC8D900505F3C /* EventAPI.swift */; };
		1111F84B194ACF2700505F3C /* Event.swift in Sources */ = {isa = PBXBuildFile; fileRef = 1111F84A194ACF2700505F3C /* Event.swift */; };
		11160271197220BE005B98DD /* EventDetailViewController.swift in Sources */ = {isa = PBXBuildFile; fileRef = 11160270197220BE005B98DD /* EventDetailViewController.swift */; };
		113C561F1946A4AC00CAFC27 /* MakerViewController.swift in Sources */ = {isa = PBXBuildFile; fileRef = 113C561E1946A4AC00CAFC27 /* MakerViewController.swift */; };
		1154A6A91948019F004E8CD0 /* MakerDetailViewController.swift in Sources */ = {isa = PBXBuildFile; fileRef = 1154A6A81948019F004E8CD0 /* MakerDetailViewController.swift */; };
		1154A6AB19480266004E8CD0 /* Maker.swift in Sources */ = {isa = PBXBuildFile; fileRef = 1154A6AA19480266004E8CD0 /* Maker.swift */; };
		11A7706F1949939700C7F7E8 /* Main.storyboard in Resources */ = {isa = PBXBuildFile; fileRef = 11A7706D1949939700C7F7E8 /* Main.storyboard */; };
		11A77071194AB3B500C7F7E8 /* MakerAPI.swift in Sources */ = {isa = PBXBuildFile; fileRef = 11A77070194AB3B500C7F7E8 /* MakerAPI.swift */; };
/* End PBXBuildFile section */

/* Begin PBXContainerItemProxy section */
		110345C21945759200F5C99F /* PBXContainerItemProxy */ = {
			isa = PBXContainerItemProxy;
			containerPortal = 110345A51945759200F5C99F /* Project object */;
			proxyType = 1;
			remoteGlobalIDString = 110345AC1945759200F5C99F;
			remoteInfo = "Orlando Maker Faire";
		};
/* End PBXContainerItemProxy section */

/* Begin PBXFileReference section */
		110345AD1945759200F5C99F /* Maker Faire Orlando.app */ = {isa = PBXFileReference; explicitFileType = wrapper.application; includeInIndex = 0; path = "Maker Faire Orlando.app"; sourceTree = BUILT_PRODUCTS_DIR; };
		110345B11945759200F5C99F /* Info.plist */ = {isa = PBXFileReference; lastKnownFileType = text.plist.xml; path = Info.plist; sourceTree = "<group>"; };
		110345B21945759200F5C99F /* AppDelegate.swift */ = {isa = PBXFileReference; lastKnownFileType = sourcecode.swift; path = AppDelegate.swift; sourceTree = "<group>"; };
		110345B41945759200F5C99F /* MapViewController.swift */ = {isa = PBXFileReference; lastKnownFileType = sourcecode.swift; path = MapViewController.swift; sourceTree = "<group>"; };
		110345B61945759200F5C99F /* EventViewController.swift */ = {isa = PBXFileReference; lastKnownFileType = sourcecode.swift; path = EventViewController.swift; sourceTree = "<group>"; };
		110345BB1945759200F5C99F /* Images.xcassets */ = {isa = PBXFileReference; lastKnownFileType = folder.assetcatalog; path = Images.xcassets; sourceTree = "<group>"; };
		110345C11945759200F5C99F /* Maker Faire OrlandoTests.xctest */ = {isa = PBXFileReference; explicitFileType = wrapper.cfbundle; includeInIndex = 0; path = "Maker Faire OrlandoTests.xctest"; sourceTree = BUILT_PRODUCTS_DIR; };
		110345C61945759200F5C99F /* Info.plist */ = {isa = PBXFileReference; lastKnownFileType = text.plist.xml; path = Info.plist; sourceTree = "<group>"; };
		110345C71945759200F5C99F /* Orlando_Maker_FaireTests.swift */ = {isa = PBXFileReference; lastKnownFileType = sourcecode.swift; path = Orlando_Maker_FaireTests.swift; sourceTree = "<group>"; };
		1111F847194AC8D900505F3C /* EventAPI.swift */ = {isa = PBXFileReference; fileEncoding = 4; lastKnownFileType = sourcecode.swift; path = EventAPI.swift; sourceTree = "<group>"; };
		1111F84A194ACF2700505F3C /* Event.swift */ = {isa = PBXFileReference; fileEncoding = 4; lastKnownFileType = sourcecode.swift; path = Event.swift; sourceTree = "<group>"; };
		11160270197220BE005B98DD /* EventDetailViewController.swift */ = {isa = PBXFileReference; fileEncoding = 4; lastKnownFileType = sourcecode.swift; path = EventDetailViewController.swift; sourceTree = "<group>"; };
		113C561E1946A4AC00CAFC27 /* MakerViewController.swift */ = {isa = PBXFileReference; fileEncoding = 4; lastKnownFileType = sourcecode.swift; path = MakerViewController.swift; sourceTree = "<group>"; };
		1154A6A81948019F004E8CD0 /* MakerDetailViewController.swift */ = {isa = PBXFileReference; fileEncoding = 4; lastKnownFileType = sourcecode.swift; path = MakerDetailViewController.swift; sourceTree = "<group>"; };
		1154A6AA19480266004E8CD0 /* Maker.swift */ = {isa = PBXFileReference; fileEncoding = 4; lastKnownFileType = sourcecode.swift; path = Maker.swift; sourceTree = "<group>"; };
		11A7706E1949939700C7F7E8 /* Base */ = {isa = PBXFileReference; lastKnownFileType = file.storyboard; name = Base; path = Base.lproj/Main.storyboard; sourceTree = "<group>"; };
		11A77070194AB3B500C7F7E8 /* MakerAPI.swift */ = {isa = PBXFileReference; fileEncoding = 4; lastKnownFileType = sourcecode.swift; path = MakerAPI.swift; sourceTree = "<group>"; };
/* End PBXFileReference section */

/* Begin PBXFrameworksBuildPhase section */
		110345AA1945759200F5C99F /* Frameworks */ = {
			isa = PBXFrameworksBuildPhase;
			buildActionMask = 2147483647;
			files = (
			);
			runOnlyForDeploymentPostprocessing = 0;
		};
		110345BE1945759200F5C99F /* Frameworks */ = {
			isa = PBXFrameworksBuildPhase;
			buildActionMask = 2147483647;
			files = (
			);
			runOnlyForDeploymentPostprocessing = 0;
		};
/* End PBXFrameworksBuildPhase section */

/* Begin PBXGroup section */
		110345A41945759200F5C99F = {
			isa = PBXGroup;
			children = (
				110345AF1945759200F5C99F /* Maker Faire Orlando */,
				110345C41945759200F5C99F /* Orlando Maker FaireTests */,
				110345AE1945759200F5C99F /* Products */,
			);
			sourceTree = "<group>";
		};
		110345AE1945759200F5C99F /* Products */ = {
			isa = PBXGroup;
			children = (
				110345AD1945759200F5C99F /* Maker Faire Orlando.app */,
				110345C11945759200F5C99F /* Maker Faire OrlandoTests.xctest */,
			);
			name = Products;
			sourceTree = "<group>";
		};
		110345AF1945759200F5C99F /* Maker Faire Orlando */ = {
			isa = PBXGroup;
			children = (
				1111F849194AC8E800505F3C /* api */,
				1154A6AC1948026D004E8CD0 /* model */,
				110345B21945759200F5C99F /* AppDelegate.swift */,
				110345B41945759200F5C99F /* MapViewController.swift */,
				110345B61945759200F5C99F /* EventViewController.swift */,
				11160270197220BE005B98DD /* EventDetailViewController.swift */,
				113C561E1946A4AC00CAFC27 /* MakerViewController.swift */,
				1154A6A81948019F004E8CD0 /* MakerDetailViewController.swift */,
				11A7706D1949939700C7F7E8 /* Main.storyboard */,
				110345BB1945759200F5C99F /* Images.xcassets */,
				110345B01945759200F5C99F /* Supporting Files */,
			);
			name = "Maker Faire Orlando";
			path = "Orlando Maker Faire";
			sourceTree = "<group>";
		};
		110345B01945759200F5C99F /* Supporting Files */ = {
			isa = PBXGroup;
			children = (
				110345B11945759200F5C99F /* Info.plist */,
			);
			name = "Supporting Files";
			sourceTree = "<group>";
		};
		110345C41945759200F5C99F /* Orlando Maker FaireTests */ = {
			isa = PBXGroup;
			children = (
				110345C71945759200F5C99F /* Orlando_Maker_FaireTests.swift */,
				110345C51945759200F5C99F /* Supporting Files */,
			);
			path = "Orlando Maker FaireTests";
			sourceTree = "<group>";
		};
		110345C51945759200F5C99F /* Supporting Files */ = {
			isa = PBXGroup;
			children = (
				110345C61945759200F5C99F /* Info.plist */,
			);
			name = "Supporting Files";
			sourceTree = "<group>";
		};
		1111F849194AC8E800505F3C /* api */ = {
			isa = PBXGroup;
			children = (
				1111F847194AC8D900505F3C /* EventAPI.swift */,
				11A77070194AB3B500C7F7E8 /* MakerAPI.swift */,
			);
			name = api;
			sourceTree = "<group>";
		};
		1154A6AC1948026D004E8CD0 /* model */ = {
			isa = PBXGroup;
			children = (
				1154A6AA19480266004E8CD0 /* Maker.swift */,
				1111F84A194ACF2700505F3C /* Event.swift */,
			);
			name = model;
			sourceTree = "<group>";
		};
/* End PBXGroup section */

/* Begin PBXNativeTarget section */
		110345AC1945759200F5C99F /* Maker Faire Orlando */ = {
			isa = PBXNativeTarget;
			buildConfigurationList = 110345CB1945759200F5C99F /* Build configuration list for PBXNativeTarget "Maker Faire Orlando" */;
			buildPhases = (
				110345A91945759200F5C99F /* Sources */,
				110345AA1945759200F5C99F /* Frameworks */,
				110345AB1945759200F5C99F /* Resources */,
			);
			buildRules = (
			);
			dependencies = (
			);
			name = "Maker Faire Orlando";
			productName = "Orlando Maker Faire";
			productReference = 110345AD1945759200F5C99F /* Maker Faire Orlando.app */;
			productType = "com.apple.product-type.application";
		};
		110345C01945759200F5C99F /* Maker Faire OrlandoTests */ = {
			isa = PBXNativeTarget;
			buildConfigurationList = 110345CE1945759200F5C99F /* Build configuration list for PBXNativeTarget "Maker Faire OrlandoTests" */;
			buildPhases = (
				110345BD1945759200F5C99F /* Sources */,
				110345BE1945759200F5C99F /* Frameworks */,
				110345BF1945759200F5C99F /* Resources */,
			);
			buildRules = (
			);
			dependencies = (
				110345C31945759200F5C99F /* PBXTargetDependency */,
			);
			name = "Maker Faire OrlandoTests";
			productName = "Orlando Maker FaireTests";
			productReference = 110345C11945759200F5C99F /* Maker Faire OrlandoTests.xctest */;
			productType = "com.apple.product-type.bundle.unit-test";
		};
/* End PBXNativeTarget section */

/* Begin PBXProject section */
		110345A51945759200F5C99F /* Project object */ = {
			isa = PBXProject;
			attributes = {
				LastUpgradeCheck = 0600;
				ORGANIZATIONNAME = "Conner Brooks";
				TargetAttributes = {
					110345AC1945759200F5C99F = {
						CreatedOnToolsVersion = 6.0;
					};
					110345C01945759200F5C99F = {
						CreatedOnToolsVersion = 6.0;
						TestTargetID = 110345AC1945759200F5C99F;
					};
				};
			};
			buildConfigurationList = 110345A81945759200F5C99F /* Build configuration list for PBXProject "Maker Faire Orlando" */;
			compatibilityVersion = "Xcode 3.2";
			developmentRegion = English;
			hasScannedForEncodings = 0;
			knownRegions = (
				en,
				Base,
			);
			mainGroup = 110345A41945759200F5C99F;
			productRefGroup = 110345AE1945759200F5C99F /* Products */;
			projectDirPath = "";
			projectRoot = "";
			targets = (
				110345AC1945759200F5C99F /* Maker Faire Orlando */,
				110345C01945759200F5C99F /* Maker Faire OrlandoTests */,
			);
		};
/* End PBXProject section */

/* Begin PBXResourcesBuildPhase section */
		110345AB1945759200F5C99F /* Resources */ = {
			isa = PBXResourcesBuildPhase;
			buildActionMask = 2147483647;
			files = (
				110345BC1945759200F5C99F /* Images.xcassets in Resources */,
				11A7706F1949939700C7F7E8 /* Main.storyboard in Resources */,
			);
			runOnlyForDeploymentPostprocessing = 0;
		};
		110345BF1945759200F5C99F /* Resources */ = {
			isa = PBXResourcesBuildPhase;
			buildActionMask = 2147483647;
			files = (
			);
			runOnlyForDeploymentPostprocessing = 0;
		};
/* End PBXResourcesBuildPhase section */

/* Begin PBXSourcesBuildPhase section */
		110345A91945759200F5C99F /* Sources */ = {
			isa = PBXSourcesBuildPhase;
			buildActionMask = 2147483647;
			files = (
				1111F848194AC8D900505F3C /* EventAPI.swift in Sources */,
				110345B71945759200F5C99F /* EventViewController.swift in Sources */,
				110345B31945759200F5C99F /* AppDelegate.swift in Sources */,
				1154A6AB19480266004E8CD0 /* Maker.swift in Sources */,
				11A77071194AB3B500C7F7E8 /* MakerAPI.swift in Sources */,
				1154A6A91948019F004E8CD0 /* MakerDetailViewController.swift in Sources */,
				11160271197220BE005B98DD /* EventDetailViewController.swift in Sources */,
				110345B51945759200F5C99F /* MapViewController.swift in Sources */,
				1111F84B194ACF2700505F3C /* Event.swift in Sources */,
				113C561F1946A4AC00CAFC27 /* MakerViewController.swift in Sources */,
			);
			runOnlyForDeploymentPostprocessing = 0;
		};
		110345BD1945759200F5C99F /* Sources */ = {
			isa = PBXSourcesBuildPhase;
			buildActionMask = 2147483647;
			files = (
				110345C81945759200F5C99F /* Orlando_Maker_FaireTests.swift in Sources */,
			);
			runOnlyForDeploymentPostprocessing = 0;
		};
/* End PBXSourcesBuildPhase section */

/* Begin PBXTargetDependency section */
		110345C31945759200F5C99F /* PBXTargetDependency */ = {
			isa = PBXTargetDependency;
			target = 110345AC1945759200F5C99F /* Maker Faire Orlando */;
			targetProxy = 110345C21945759200F5C99F /* PBXContainerItemProxy */;
		};
/* End PBXTargetDependency section */

/* Begin PBXVariantGroup section */
		11A7706D1949939700C7F7E8 /* Main.storyboard */ = {
			isa = PBXVariantGroup;
			children = (
				11A7706E1949939700C7F7E8 /* Base */,
			);
			name = Main.storyboard;
			sourceTree = "<group>";
		};
/* End PBXVariantGroup section */

/* Begin XCBuildConfiguration section */
		110345C91945759200F5C99F /* Debug */ = {
			isa = XCBuildConfiguration;
			buildSettings = {
				ALWAYS_SEARCH_USER_PATHS = NO;
				CLANG_CXX_LANGUAGE_STANDARD = "gnu++0x";
				CLANG_CXX_LIBRARY = "libc++";
				CLANG_ENABLE_MODULES = YES;
				CLANG_ENABLE_OBJC_ARC = YES;
				CLANG_WARN_BOOL_CONVERSION = YES;
				CLANG_WARN_CONSTANT_CONVERSION = YES;
				CLANG_WARN_DIRECT_OBJC_ISA_USAGE = YES_ERROR;
				CLANG_WARN_EMPTY_BODY = YES;
				CLANG_WARN_ENUM_CONVERSION = YES;
				CLANG_WARN_INT_CONVERSION = YES;
				CLANG_WARN_OBJC_ROOT_CLASS = YES_ERROR;
				CLANG_WARN_UNREACHABLE_CODE = YES;
				CLANG_WARN__DUPLICATE_METHOD_MATCH = YES;
				"CODE_SIGN_IDENTITY[sdk=iphoneos*]" = "iPhone Developer";
				COPY_PHASE_STRIP = NO;
				ENABLE_STRICT_OBJC_MSGSEND = YES;
				GCC_C_LANGUAGE_STANDARD = gnu99;
				GCC_DYNAMIC_NO_PIC = NO;
				GCC_OPTIMIZATION_LEVEL = 0;
				GCC_PREPROCESSOR_DEFINITIONS = (
					"DEBUG=1",
					"$(inherited)",
				);
				GCC_SYMBOLS_PRIVATE_EXTERN = NO;
				GCC_WARN_64_TO_32_BIT_CONVERSION = YES;
				GCC_WARN_ABOUT_RETURN_TYPE = YES_ERROR;
				GCC_WARN_UNDECLARED_SELECTOR = YES;
				GCC_WARN_UNINITIALIZED_AUTOS = YES_AGGRESSIVE;
				GCC_WARN_UNUSED_FUNCTION = YES;
				GCC_WARN_UNUSED_VARIABLE = YES;
				IPHONEOS_DEPLOYMENT_TARGET = 8.0;
				METAL_ENABLE_DEBUG_INFO = YES;
				ONLY_ACTIVE_ARCH = YES;
				SDKROOT = iphoneos;
				SWIFT_OPTIMIZATION_LEVEL = "-Onone";
				TARGETED_DEVICE_FAMILY = "1,2";
			};
			name = Debug;
		};
		110345CA1945759200F5C99F /* Release */ = {
			isa = XCBuildConfiguration;
			buildSettings = {
				ALWAYS_SEARCH_USER_PATHS = NO;
				CLANG_CXX_LANGUAGE_STANDARD = "gnu++0x";
				CLANG_CXX_LIBRARY = "libc++";
				CLANG_ENABLE_MODULES = YES;
				CLANG_ENABLE_OBJC_ARC = YES;
				CLANG_WARN_BOOL_CONVERSION = YES;
				CLANG_WARN_CONSTANT_CONVERSION = YES;
				CLANG_WARN_DIRECT_OBJC_ISA_USAGE = YES_ERROR;
				CLANG_WARN_EMPTY_BODY = YES;
				CLANG_WARN_ENUM_CONVERSION = YES;
				CLANG_WARN_INT_CONVERSION = YES;
				CLANG_WARN_OBJC_ROOT_CLASS = YES_ERROR;
				CLANG_WARN_UNREACHABLE_CODE = YES;
				CLANG_WARN__DUPLICATE_METHOD_MATCH = YES;
				"CODE_SIGN_IDENTITY[sdk=iphoneos*]" = "iPhone Developer";
				COPY_PHASE_STRIP = YES;
				ENABLE_NS_ASSERTIONS = NO;
				ENABLE_STRICT_OBJC_MSGSEND = YES;
				GCC_C_LANGUAGE_STANDARD = gnu99;
				GCC_WARN_64_TO_32_BIT_CONVERSION = YES;
				GCC_WARN_ABOUT_RETURN_TYPE = YES_ERROR;
				GCC_WARN_UNDECLARED_SELECTOR = YES;
				GCC_WARN_UNINITIALIZED_AUTOS = YES_AGGRESSIVE;
				GCC_WARN_UNUSED_FUNCTION = YES;
				GCC_WARN_UNUSED_VARIABLE = YES;
				IPHONEOS_DEPLOYMENT_TARGET = 8.0;
				METAL_ENABLE_DEBUG_INFO = NO;
				SDKROOT = iphoneos;
				TARGETED_DEVICE_FAMILY = "1,2";
				VALIDATE_PRODUCT = YES;
			};
			name = Release;
		};
		110345CC1945759200F5C99F /* Debug */ = {
			isa = XCBuildConfiguration;
			buildSettings = {
				ASSETCATALOG_COMPILER_APPICON_NAME = AppIcon;
				ASSETCATALOG_COMPILER_LAUNCHIMAGE_NAME = LaunchImage;
				CODE_SIGN_IDENTITY = "iPhone Developer: Dana Brooks (63MRE2SWEG)";
				INFOPLIST_FILE = "Orlando Maker Faire/Info.plist";
				LD_RUNPATH_SEARCH_PATHS = "$(inherited) @executable_path/Frameworks";
				PRODUCT_NAME = "Maker Faire Orlando";
			};
			name = Debug;
		};
		110345CD1945759200F5C99F /* Release */ = {
			isa = XCBuildConfiguration;
			buildSettings = {
				ASSETCATALOG_COMPILER_APPICON_NAME = AppIcon;
				ASSETCATALOG_COMPILER_LAUNCHIMAGE_NAME = LaunchImage;
				CODE_SIGN_IDENTITY = "iPhone Developer: Dana Brooks (63MRE2SWEG)";
				INFOPLIST_FILE = "Orlando Maker Faire/Info.plist";
				LD_RUNPATH_SEARCH_PATHS = "$(inherited) @executable_path/Frameworks";
				PRODUCT_NAME = "Maker Faire Orlando";
			};
			name = Release;
		};
		110345CF1945759200F5C99F /* Debug */ = {
			isa = XCBuildConfiguration;
			buildSettings = {
				BUNDLE_LOADER = "$(BUILT_PRODUCTS_DIR)/Orlando Maker Faire.app/Orlando Maker Faire";
				FRAMEWORK_SEARCH_PATHS = (
					"$(SDKROOT)/Developer/Library/Frameworks",
					"$(inherited)",
				);
				GCC_PREPROCESSOR_DEFINITIONS = (
					"DEBUG=1",
					"$(inherited)",
				);
				INFOPLIST_FILE = "Orlando Maker FaireTests/Info.plist";
				LD_RUNPATH_SEARCH_PATHS = "$(inherited) @executable_path/Frameworks @loader_path/Frameworks";
				METAL_ENABLE_DEBUG_INFO = YES;
				PRODUCT_NAME = "Maker Faire OrlandoTests";
				TEST_HOST = "$(BUNDLE_LOADER)";
			};
			name = Debug;
		};
		110345D01945759200F5C99F /* Release */ = {
			isa = XCBuildConfiguration;
			buildSettings = {
				BUNDLE_LOADER = "$(BUILT_PRODUCTS_DIR)/Orlando Maker Faire.app/Orlando Maker Faire";
				FRAMEWORK_SEARCH_PATHS = (
					"$(SDKROOT)/Developer/Library/Frameworks",
					"$(inherited)",
				);
				INFOPLIST_FILE = "Orlando Maker FaireTests/Info.plist";
				LD_RUNPATH_SEARCH_PATHS = "$(inherited) @executable_path/Frameworks @loader_path/Frameworks";
				METAL_ENABLE_DEBUG_INFO = NO;
				PRODUCT_NAME = "Maker Faire OrlandoTests";
				TEST_HOST = "$(BUNDLE_LOADER)";
			};
			name = Release;
		};
/* End XCBuildConfiguration section */

/* Begin XCConfigurationList section */
		110345A81945759200F5C99F /* Build configuration list for PBXProject "Maker Faire Orlando" */ = {
			isa = XCConfigurationList;
			buildConfigurations = (
				110345C91945759200F5C99F /* Debug */,
				110345CA1945759200F5C99F /* Release */,
			);
			defaultConfigurationIsVisible = 0;
			defaultConfigurationName = Release;
		};
		110345CB1945759200F5C99F /* Build configuration list for PBXNativeTarget "Maker Faire Orlando" */ = {
			isa = XCConfigurationList;
			buildConfigurations = (
				110345CC1945759200F5C99F /* Debug */,
				110345CD1945759200F5C99F /* Release */,
			);
			defaultConfigurationIsVisible = 0;
			defaultConfigurationName = Release;
		};
		110345CE1945759200F5C99F /* Build configuration list for PBXNativeTarget "Maker Faire OrlandoTests" */ = {
			isa = XCConfigurationList;
			buildConfigurations = (
				110345CF1945759200F5C99F /* Debug */,
				110345D01945759200F5C99F /* Release */,
			);
			defaultConfigurationIsVisible = 0;
			defaultConfigurationName = Release;
		};
/* End XCConfigurationList section */
	};
	rootObject = 110345A51945759200F5C99F /* Project object */;
}
